
Microsoft Visual Studio Solution File, Format Version 12.00
# Visual Studio 2013
VisualStudioVersion = 12.0.31101.0
MinimumVisualStudioVersion = 10.0.40219.1
Project("{FAE04EC0-301F-11D3-BF4B-00C04F79EFBC}") = "ImportAzureSearchIndexData", "ImportAzureSearchIndexData\ImportAzureSearchIndexData.csproj", "{79A6D7FF-65BA-4826-BDE5-0121FF24446F}"
EndProject
Project("{FAE04EC0-301F-11D3-BF4B-00C04F79EFBC}") = "MahoutOutputLoader", "MahoutOutputLoader\MahoutOutputLoader.csproj", "{BBCAF596-9F8D-434E-B48C-944E94CA9E26}"
EndProject
Project("{FAE04EC0-301F-11D3-BF4B-00C04F79EFBC}") = "SimulateAzureSearchLookupRequests", "SimulateAzureSearchLookupRequests\SimulateAzureSearchLookupRequests.csproj", "{A8F1D3E6-BE55-4972-8FED-BB0C28E4BAE1}"
EndProject
Project("{FAE04EC0-301F-11D3-BF4B-00C04F79EFBC}") = "AzureMLRecommendations", "AzureMLRecommendations\AzureMLRecommendations.csproj", "{0235BF61-9831-4B28-AF16-11BD688046D0}"
EndProject
Global
	GlobalSection(SolutionConfigurationPlatforms) = preSolution
		Debug|Any CPU = Debug|Any CPU
		Release|Any CPU = Release|Any CPU
	EndGlobalSection
	GlobalSection(ProjectConfigurationPlatforms) = postSolution
		{79A6D7FF-65BA-4826-BDE5-0121FF24446F}.Debug|Any CPU.ActiveCfg = Debug|Any CPU
		{79A6D7FF-65BA-4826-BDE5-0121FF24446F}.Debug|Any CPU.Build.0 = Debug|Any CPU
		{79A6D7FF-65BA-4826-BDE5-0121FF24446F}.Release|Any CPU.ActiveCfg = Release|Any CPU
		{79A6D7FF-65BA-4826-BDE5-0121FF24446F}.Release|Any CPU.Build.0 = Release|Any CPU
		{BBCAF596-9F8D-434E-B48C-944E94CA9E26}.Debug|Any CPU.ActiveCfg = Debug|Any CPU
		{BBCAF596-9F8D-434E-B48C-944E94CA9E26}.Debug|Any CPU.Build.0 = Debug|Any CPU
		{BBCAF596-9F8D-434E-B48C-944E94CA9E26}.Release|Any CPU.ActiveCfg = Release|Any CPU
		{BBCAF596-9F8D-434E-B48C-944E94CA9E26}.Release|Any CPU.Build.0 = Release|Any CPU
		{A8F1D3E6-BE55-4972-8FED-BB0C28E4BAE1}.Debug|Any CPU.ActiveCfg = Debug|Any CPU
		{A8F1D3E6-BE55-4972-8FED-BB0C28E4BAE1}.Debug|Any CPU.Build.0 = Debug|Any CPU
		{A8F1D3E6-BE55-4972-8FED-BB0C28E4BAE1}.Release|Any CPU.ActiveCfg = Release|Any CPU
		{A8F1D3E6-BE55-4972-8FED-BB0C28E4BAE1}.Release|Any CPU.Build.0 = Release|Any CPU
		{0235BF61-9831-4B28-AF16-11BD688046D0}.Debug|Any CPU.ActiveCfg = Debug|Any CPU
		{0235BF61-9831-4B28-AF16-11BD688046D0}.Debug|Any CPU.Build.0 = Debug|Any CPU
		{0235BF61-9831-4B28-AF16-11BD688046D0}.Release|Any CPU.ActiveCfg = Release|Any CPU
		{0235BF61-9831-4B28-AF16-11BD688046D0}.Release|Any CPU.Build.0 = Release|Any CPU
	EndGlobalSection
	GlobalSection(SolutionProperties) = preSolution
		HideSolutionNode = FALSE
	EndGlobalSection
EndGlobal
